// !$*UTF8*$!
{
	archiveVersion = 1;
	classes = {
	};
	objectVersion = 46;
	objects = {

/* Begin PBXBuildFile section */
		3DC7318E1CDB5E770039DDE0 /* main.m in Sources */ = {isa = PBXBuildFile; fileRef = 3DC7318D1CDB5E770039DDE0 /* main.m */; };
		3DC731911CDB5E770039DDE0 /* AppDelegate.m in Sources */ = {isa = PBXBuildFile; fileRef = 3DC731901CDB5E770039DDE0 /* AppDelegate.m */; };
		3DC7319A1CDB5E770039DDE0 /* Main.storyboard in Resources */ = {isa = PBXBuildFile; fileRef = 3DC731981CDB5E770039DDE0 /* Main.storyboard */; };
		3DC7319C1CDB5E770039DDE0 /* Assets.xcassets in Resources */ = {isa = PBXBuildFile; fileRef = 3DC7319B1CDB5E770039DDE0 /* Assets.xcassets */; };
		3DC7319F1CDB5E770039DDE0 /* LaunchScreen.storyboard in Resources */ = {isa = PBXBuildFile; fileRef = 3DC7319D1CDB5E770039DDE0 /* LaunchScreen.storyboard */; };
		3DC731AA1CDB5E770039DDE0 /* FlickretchTests.m in Sources */ = {isa = PBXBuildFile; fileRef = 3DC731A91CDB5E770039DDE0 /* FlickretchTests.m */; };
		3DC731B51CDB5E770039DDE0 /* FlickretchUITests.m in Sources */ = {isa = PBXBuildFile; fileRef = 3DC731B41CDB5E770039DDE0 /* FlickretchUITests.m */; };
		96A1F4156BC8E16F7ABBA3F5 /* libPods-Flickretch.a in Frameworks */ = {isa = PBXBuildFile; fileRef = EE785A47B5DB8C34A092B9F1 /* libPods-Flickretch.a */; };
/* End PBXBuildFile section */

/* Begin PBXContainerItemProxy section */
		3DC731A61CDB5E770039DDE0 /* PBXContainerItemProxy */ = {
			isa = PBXContainerItemProxy;
			containerPortal = 3DC731811CDB5E770039DDE0 /* Project object */;
			proxyType = 1;
			remoteGlobalIDString = 3DC731881CDB5E770039DDE0;
			remoteInfo = Flickretch;
		};
		3DC731B11CDB5E770039DDE0 /* PBXContainerItemProxy */ = {
			isa = PBXContainerItemProxy;
			containerPortal = 3DC731811CDB5E770039DDE0 /* Project object */;
			proxyType = 1;
			remoteGlobalIDString = 3DC731881CDB5E770039DDE0;
			remoteInfo = Flickretch;
		};
/* End PBXContainerItemProxy section */

/* Begin PBXFileReference section */
		3DC731891CDB5E770039DDE0 /* Flickretch.app */ = {isa = PBXFileReference; explicitFileType = wrapper.application; includeInIndex = 0; path = Flickretch.app; sourceTree = BUILT_PRODUCTS_DIR; };
		3DC7318D1CDB5E770039DDE0 /* main.m */ = {isa = PBXFileReference; lastKnownFileType = sourcecode.c.objc; path = main.m; sourceTree = "<group>"; };
		3DC7318F1CDB5E770039DDE0 /* AppDelegate.h */ = {isa = PBXFileReference; lastKnownFileType = sourcecode.c.h; path = AppDelegate.h; sourceTree = "<group>"; };
		3DC731901CDB5E770039DDE0 /* AppDelegate.m */ = {isa = PBXFileReference; lastKnownFileType = sourcecode.c.objc; path = AppDelegate.m; sourceTree = "<group>"; };
		3DC731991CDB5E770039DDE0 /* Base */ = {isa = PBXFileReference; lastKnownFileType = file.storyboard; name = Base; path = Base.lproj/Main.storyboard; sourceTree = "<group>"; };
		3DC7319B1CDB5E770039DDE0 /* Assets.xcassets */ = {isa = PBXFileReference; lastKnownFileType = folder.assetcatalog; path = Assets.xcassets; sourceTree = "<group>"; };
		3DC7319E1CDB5E770039DDE0 /* Base */ = {isa = PBXFileReference; lastKnownFileType = file.storyboard; name = Base; path = Base.lproj/LaunchScreen.storyboard; sourceTree = "<group>"; };
		3DC731A01CDB5E770039DDE0 /* Info.plist */ = {isa = PBXFileReference; lastKnownFileType = text.plist.xml; path = Info.plist; sourceTree = "<group>"; };
		3DC731A51CDB5E770039DDE0 /* FlickretchTests.xctest */ = {isa = PBXFileReference; explicitFileType = wrapper.cfbundle; includeInIndex = 0; path = FlickretchTests.xctest; sourceTree = BUILT_PRODUCTS_DIR; };
		3DC731A91CDB5E770039DDE0 /* FlickretchTests.m */ = {isa = PBXFileReference; lastKnownFileType = sourcecode.c.objc; path = FlickretchTests.m; sourceTree = "<group>"; };
		3DC731AB1CDB5E770039DDE0 /* Info.plist */ = {isa = PBXFileReference; lastKnownFileType = text.plist.xml; path = Info.plist; sourceTree = "<group>"; };
		3DC731B01CDB5E770039DDE0 /* FlickretchUITests.xctest */ = {isa = PBXFileReference; explicitFileType = wrapper.cfbundle; includeInIndex = 0; path = FlickretchUITests.xctest; sourceTree = BUILT_PRODUCTS_DIR; };
		3DC731B41CDB5E770039DDE0 /* FlickretchUITests.m */ = {isa = PBXFileReference; lastKnownFileType = sourcecode.c.objc; path = FlickretchUITests.m; sourceTree = "<group>"; };
		3DC731B61CDB5E770039DDE0 /* Info.plist */ = {isa = PBXFileReference; lastKnownFileType = text.plist.xml; path = Info.plist; sourceTree = "<group>"; };
		406FE4400220C0527BBD9090 /* Pods-Flickretch.release.xcconfig */ = {isa = PBXFileReference; includeInIndex = 1; lastKnownFileType = text.xcconfig; name = "Pods-Flickretch.release.xcconfig"; path = "Pods/Target Support Files/Pods-Flickretch/Pods-Flickretch.release.xcconfig"; sourceTree = "<group>"; };
		9466E0299D4291EDC9EA1CEC /* Pods-Flickretch.debug.xcconfig */ = {isa = PBXFileReference; includeInIndex = 1; lastKnownFileType = text.xcconfig; name = "Pods-Flickretch.debug.xcconfig"; path = "Pods/Target Support Files/Pods-Flickretch/Pods-Flickretch.debug.xcconfig"; sourceTree = "<group>"; };
		EE785A47B5DB8C34A092B9F1 /* libPods-Flickretch.a */ = {isa = PBXFileReference; explicitFileType = archive.ar; includeInIndex = 0; path = "libPods-Flickretch.a"; sourceTree = BUILT_PRODUCTS_DIR; };
/* End PBXFileReference section */

/* Begin PBXFrameworksBuildPhase section */
		3DC731861CDB5E770039DDE0 /* Frameworks */ = {
			isa = PBXFrameworksBuildPhase;
			buildActionMask = 2147483647;
			files = (
				96A1F4156BC8E16F7ABBA3F5 /* libPods-Flickretch.a in Frameworks */,
			);
			runOnlyForDeploymentPostprocessing = 0;
		};
		3DC731A21CDB5E770039DDE0 /* Frameworks */ = {
			isa = PBXFrameworksBuildPhase;
			buildActionMask = 2147483647;
			files = (
			);
			runOnlyForDeploymentPostprocessing = 0;
		};
		3DC731AD1CDB5E770039DDE0 /* Frameworks */ = {
			isa = PBXFrameworksBuildPhase;
			buildActionMask = 2147483647;
			files = (
			);
			runOnlyForDeploymentPostprocessing = 0;
		};
/* End PBXFrameworksBuildPhase section */

/* Begin PBXGroup section */
		3DC731801CDB5E770039DDE0 = {
			isa = PBXGroup;
			children = (
				3DC7318B1CDB5E770039DDE0 /* Flickretch */,
				3DC731A81CDB5E770039DDE0 /* FlickretchTests */,
				3DC731B31CDB5E770039DDE0 /* FlickretchUITests */,
				3DC7318A1CDB5E770039DDE0 /* Products */,
				7F8EAE92BF99C61C064567D9 /* Pods */,
				75D6CC6BD82C326FB53946DB /* Frameworks */,
			);
			sourceTree = "<group>";
		};
		3DC7318A1CDB5E770039DDE0 /* Products */ = {
			isa = PBXGroup;
			children = (
				3DC731891CDB5E770039DDE0 /* Flickretch.app */,
				3DC731A51CDB5E770039DDE0 /* FlickretchTests.xctest */,
				3DC731B01CDB5E770039DDE0 /* FlickretchUITests.xctest */,
			);
			name = Products;
			sourceTree = "<group>";
		};
		3DC7318B1CDB5E770039DDE0 /* Flickretch */ = {
			isa = PBXGroup;
			children = (
				3DC7318F1CDB5E770039DDE0 /* AppDelegate.h */,
				3DC731901CDB5E770039DDE0 /* AppDelegate.m */,
				3DC731981CDB5E770039DDE0 /* Main.storyboard */,
				3DC7319B1CDB5E770039DDE0 /* Assets.xcassets */,
				3DC7319D1CDB5E770039DDE0 /* LaunchScreen.storyboard */,
				3DC731A01CDB5E770039DDE0 /* Info.plist */,
				3DC7318C1CDB5E770039DDE0 /* Supporting Files */,
			);
			path = Flickretch;
			sourceTree = "<group>";
		};
		3DC7318C1CDB5E770039DDE0 /* Supporting Files */ = {
			isa = PBXGroup;
			children = (
				3DC7318D1CDB5E770039DDE0 /* main.m */,
			);
			name = "Supporting Files";
			sourceTree = "<group>";
		};
		3DC731A81CDB5E770039DDE0 /* FlickretchTests */ = {
			isa = PBXGroup;
			children = (
				3DC731A91CDB5E770039DDE0 /* FlickretchTests.m */,
				3DC731AB1CDB5E770039DDE0 /* Info.plist */,
			);
			path = FlickretchTests;
			sourceTree = "<group>";
		};
		3DC731B31CDB5E770039DDE0 /* FlickretchUITests */ = {
			isa = PBXGroup;
			children = (
				3DC731B41CDB5E770039DDE0 /* FlickretchUITests.m */,
				3DC731B61CDB5E770039DDE0 /* Info.plist */,
			);
			path = FlickretchUITests;
			sourceTree = "<group>";
		};
		75D6CC6BD82C326FB53946DB /* Frameworks */ = {
			isa = PBXGroup;
			children = (
				EE785A47B5DB8C34A092B9F1 /* libPods-Flickretch.a */,
			);
			name = Frameworks;
			sourceTree = "<group>";
		};
		7F8EAE92BF99C61C064567D9 /* Pods */ = {
			isa = PBXGroup;
			children = (
				9466E0299D4291EDC9EA1CEC /* Pods-Flickretch.debug.xcconfig */,
				406FE4400220C0527BBD9090 /* Pods-Flickretch.release.xcconfig */,
			);
			name = Pods;
			sourceTree = "<group>";
		};
/* End PBXGroup section */

/* Begin PBXNativeTarget section */
		3DC731881CDB5E770039DDE0 /* Flickretch */ = {
			isa = PBXNativeTarget;
			buildConfigurationList = 3DC731B91CDB5E770039DDE0 /* Build configuration list for PBXNativeTarget "Flickretch" */;
			buildPhases = (
				530D19479635C24BACFBE48B /* Check Pods Manifest.lock */,
				3DC731851CDB5E770039DDE0 /* Sources */,
				3DC731861CDB5E770039DDE0 /* Frameworks */,
				3DC731871CDB5E770039DDE0 /* Resources */,
				0B7D7BEEE5F33988105F237A /* Embed Pods Frameworks */,
				01480BBFB9E5E15ABB26593F /* Copy Pods Resources */,
			);
			buildRules = (
			);
			dependencies = (
			);
			name = Flickretch;
			productName = Flickretch;
			productReference = 3DC731891CDB5E770039DDE0 /* Flickretch.app */;
			productType = "com.apple.product-type.application";
		};
		3DC731A41CDB5E770039DDE0 /* FlickretchTests */ = {
			isa = PBXNativeTarget;
			buildConfigurationList = 3DC731BC1CDB5E770039DDE0 /* Build configuration list for PBXNativeTarget "FlickretchTests" */;
			buildPhases = (
				3DC731A11CDB5E770039DDE0 /* Sources */,
				3DC731A21CDB5E770039DDE0 /* Frameworks */,
				3DC731A31CDB5E770039DDE0 /* Resources */,
			);
			buildRules = (
			);
			dependencies = (
				3DC731A71CDB5E770039DDE0 /* PBXTargetDependency */,
			);
			name = FlickretchTests;
			productName = FlickretchTests;
			productReference = 3DC731A51CDB5E770039DDE0 /* FlickretchTests.xctest */;
			productType = "com.apple.product-type.bundle.unit-test";
		};
		3DC731AF1CDB5E770039DDE0 /* FlickretchUITests */ = {
			isa = PBXNativeTarget;
			buildConfigurationList = 3DC731BF1CDB5E770039DDE0 /* Build configuration list for PBXNativeTarget "FlickretchUITests" */;
			buildPhases = (
				3DC731AC1CDB5E770039DDE0 /* Sources */,
				3DC731AD1CDB5E770039DDE0 /* Frameworks */,
				3DC731AE1CDB5E770039DDE0 /* Resources */,
			);
			buildRules = (
			);
			dependencies = (
				3DC731B21CDB5E770039DDE0 /* PBXTargetDependency */,
			);
			name = FlickretchUITests;
			productName = FlickretchUITests;
			productReference = 3DC731B01CDB5E770039DDE0 /* FlickretchUITests.xctest */;
			productType = "com.apple.product-type.bundle.ui-testing";
		};
/* End PBXNativeTarget section */

/* Begin PBXProject section */
		3DC731811CDB5E770039DDE0 /* Project object */ = {
			isa = PBXProject;
			attributes = {
				LastUpgradeCheck = 0730;
				ORGANIZATIONNAME = "Miguel Oliveira";
				TargetAttributes = {
					3DC731881CDB5E770039DDE0 = {
						CreatedOnToolsVersion = 7.3;
						DevelopmentTeam = EGQACY2G8L;
					};
					3DC731A41CDB5E770039DDE0 = {
						CreatedOnToolsVersion = 7.3;
						TestTargetID = 3DC731881CDB5E770039DDE0;
					};
					3DC731AF1CDB5E770039DDE0 = {
						CreatedOnToolsVersion = 7.3;
						TestTargetID = 3DC731881CDB5E770039DDE0;
					};
				};
			};
			buildConfigurationList = 3DC731841CDB5E770039DDE0 /* Build configuration list for PBXProject "Flickretch" */;
			compatibilityVersion = "Xcode 3.2";
			developmentRegion = English;
			hasScannedForEncodings = 0;
			knownRegions = (
				en,
				Base,
			);
			mainGroup = 3DC731801CDB5E770039DDE0;
			productRefGroup = 3DC7318A1CDB5E770039DDE0 /* Products */;
			projectDirPath = "";
			projectRoot = "";
			targets = (
				3DC731881CDB5E770039DDE0 /* Flickretch */,
				3DC731A41CDB5E770039DDE0 /* FlickretchTests */,
				3DC731AF1CDB5E770039DDE0 /* FlickretchUITests */,
			);
		};
/* End PBXProject section */

/* Begin PBXResourcesBuildPhase section */
		3DC731871CDB5E770039DDE0 /* Resources */ = {
			isa = PBXResourcesBuildPhase;
			buildActionMask = 2147483647;
			files = (
				3DC7319F1CDB5E770039DDE0 /* LaunchScreen.storyboard in Resources */,
				3DC7319C1CDB5E770039DDE0 /* Assets.xcassets in Resources */,
				3DC7319A1CDB5E770039DDE0 /* Main.storyboard in Resources */,
			);
			runOnlyForDeploymentPostprocessing = 0;
		};
		3DC731A31CDB5E770039DDE0 /* Resources */ = {
			isa = PBXResourcesBuildPhase;
			buildActionMask = 2147483647;
			files = (
			);
			runOnlyForDeploymentPostprocessing = 0;
		};
		3DC731AE1CDB5E770039DDE0 /* Resources */ = {
			isa = PBXResourcesBuildPhase;
			buildActionMask = 2147483647;
			files = (
			);
			runOnlyForDeploymentPostprocessing = 0;
		};
/* End PBXResourcesBuildPhase section */

/* Begin PBXShellScriptBuildPhase section */
		01480BBFB9E5E15ABB26593F /* Copy Pods Resources */ = {
			isa = PBXShellScriptBuildPhase;
			buildActionMask = 2147483647;
			files = (
			);
			inputPaths = (
			);
			name = "Copy Pods Resources";
			outputPaths = (
			);
			runOnlyForDeploymentPostprocessing = 0;
			shellPath = /bin/sh;
			shellScript = "\"${SRCROOT}/Pods/Target Support Files/Pods-Flickretch/Pods-Flickretch-resources.sh\"\n";
			showEnvVarsInLog = 0;
		};
		0B7D7BEEE5F33988105F237A /* Embed Pods Frameworks */ = {
			isa = PBXShellScriptBuildPhase;
			buildActionMask = 2147483647;
			files = (
			);
			inputPaths = (
			);
			name = "Embed Pods Frameworks";
			outputPaths = (
			);
			runOnlyForDeploymentPostprocessing = 0;
			shellPath = /bin/sh;
			shellScript = "\"${SRCROOT}/Pods/Target Support Files/Pods-Flickretch/Pods-Flickretch-frameworks.sh\"\n";
			showEnvVarsInLog = 0;
		};
		530D19479635C24BACFBE48B /* Check Pods Manifest.lock */ = {
			isa = PBXShellScriptBuildPhase;
			buildActionMask = 2147483647;
			files = (
			);
			inputPaths = (
			);
			name = "Check Pods Manifest.lock";
			outputPaths = (
			);
			runOnlyForDeploymentPostprocessing = 0;
			shellPath = /bin/sh;
			shellScript = "diff \"${PODS_ROOT}/../Podfile.lock\" \"${PODS_ROOT}/Manifest.lock\" > /dev/null\nif [[ $? != 0 ]] ; then\n    cat << EOM\nerror: The sandbox is not in sync with the Podfile.lock. Run 'pod install' or update your CocoaPods installation.\nEOM\n    exit 1\nfi\n";
			showEnvVarsInLog = 0;
		};
/* End PBXShellScriptBuildPhase section */

/* Begin PBXSourcesBuildPhase section */
		3DC731851CDB5E770039DDE0 /* Sources */ = {
			isa = PBXSourcesBuildPhase;
			buildActionMask = 2147483647;
			files = (
				3DC731911CDB5E770039DDE0 /* AppDelegate.m in Sources */,
				3DC7318E1CDB5E770039DDE0 /* main.m in Sources */,
			);
			runOnlyForDeploymentPostprocessing = 0;
		};
		3DC731A11CDB5E770039DDE0 /* Sources */ = {
			isa = PBXSourcesBuildPhase;
			buildActionMask = 2147483647;
			files = (
				3DC731AA1CDB5E770039DDE0 /* FlickretchTests.m in Sources */,
			);
			runOnlyForDeploymentPostprocessing = 0;
		};
		3DC731AC1CDB5E770039DDE0 /* Sources */ = {
			isa = PBXSourcesBuildPhase;
			buildActionMask = 2147483647;
			files = (
				3DC731B51CDB5E770039DDE0 /* FlickretchUITests.m in Sources */,
			);
			runOnlyForDeploymentPostprocessing = 0;
		};
/* End PBXSourcesBuildPhase section */

/* Begin PBXTargetDependency section */
		3DC731A71CDB5E770039DDE0 /* PBXTargetDependency */ = {
			isa = PBXTargetDependency;
			target = 3DC731881CDB5E770039DDE0 /* Flickretch */;
			targetProxy = 3DC731A61CDB5E770039DDE0 /* PBXContainerItemProxy */;
		};
		3DC731B21CDB5E770039DDE0 /* PBXTargetDependency */ = {
			isa = PBXTargetDependency;
			target = 3DC731881CDB5E770039DDE0 /* Flickretch */;
			targetProxy = 3DC731B11CDB5E770039DDE0 /* PBXContainerItemProxy */;
		};
/* End PBXTargetDependency section */

/* Begin PBXVariantGroup section */
		3DC731981CDB5E770039DDE0 /* Main.storyboard */ = {
			isa = PBXVariantGroup;
			children = (
				3DC731991CDB5E770039DDE0 /* Base */,
			);
			name = Main.storyboard;
			sourceTree = "<group>";
		};
		3DC7319D1CDB5E770039DDE0 /* LaunchScreen.storyboard */ = {
			isa = PBXVariantGroup;
			children = (
				3DC7319E1CDB5E770039DDE0 /* Base */,
			);
			name = LaunchScreen.storyboard;
			sourceTree = "<group>";
		};
/* End PBXVariantGroup section */

/* Begin XCBuildConfiguration section */
		3DC731B71CDB5E770039DDE0 /* Debug */ = {
			isa = XCBuildConfiguration;
			buildSettings = {
				ALWAYS_SEARCH_USER_PATHS = NO;
				CLANG_ANALYZER_NONNULL = YES;
				CLANG_CXX_LANGUAGE_STANDARD = "gnu++0x";
				CLANG_CXX_LIBRARY = "libc++";
				CLANG_ENABLE_MODULES = YES;
				CLANG_ENABLE_OBJC_ARC = YES;
				CLANG_WARN_BOOL_CONVERSION = YES;
				CLANG_WARN_CONSTANT_CONVERSION = YES;
				CLANG_WARN_DIRECT_OBJC_ISA_USAGE = YES_ERROR;
				CLANG_WARN_EMPTY_BODY = YES;
				CLANG_WARN_ENUM_CONVERSION = YES;
				CLANG_WARN_INT_CONVERSION = YES;
				CLANG_WARN_OBJC_ROOT_CLASS = YES_ERROR;
				CLANG_WARN_UNREACHABLE_CODE = YES;
				CLANG_WARN__DUPLICATE_METHOD_MATCH = YES;
				"CODE_SIGN_IDENTITY[sdk=iphoneos*]" = "iPhone Developer";
				COPY_PHASE_STRIP = NO;
				DEBUG_INFORMATION_FORMAT = dwarf;
				ENABLE_STRICT_OBJC_MSGSEND = YES;
				ENABLE_TESTABILITY = YES;
				GCC_C_LANGUAGE_STANDARD = gnu99;
				GCC_DYNAMIC_NO_PIC = NO;
				GCC_NO_COMMON_BLOCKS = YES;
				GCC_OPTIMIZATION_LEVEL = 0;
				GCC_PREPROCESSOR_DEFINITIONS = (
					"DEBUG=1",
					"$(inherited)",
				);
				GCC_WARN_64_TO_32_BIT_CONVERSION = YES;
				GCC_WARN_ABOUT_RETURN_TYPE = YES_ERROR;
				GCC_WARN_UNDECLARED_SELECTOR = YES;
				GCC_WARN_UNINITIALIZED_AUTOS = YES_AGGRESSIVE;
				GCC_WARN_UNUSED_FUNCTION = YES;
				GCC_WARN_UNUSED_VARIABLE = YES;
				IPHONEOS_DEPLOYMENT_TARGET = 9.3;
				MTL_ENABLE_DEBUG_INFO = YES;
				ONLY_ACTIVE_ARCH = YES;
				SDKROOT = iphoneos;
				TARGETED_DEVICE_FAMILY = "1,2";
			};
			name = Debug;
		};
		3DC731B81CDB5E770039DDE0 /* Release */ = {
			isa = XCBuildConfiguration;
			buildSettings = {
				ALWAYS_SEARCH_USER_PATHS = NO;
				CLANG_ANALYZER_NONNULL = YES;
				CLANG_CXX_LANGUAGE_STANDARD = "gnu++0x";
				CLANG_CXX_LIBRARY = "libc++";
				CLANG_ENABLE_MODULES = YES;
				CLANG_ENABLE_OBJC_ARC = YES;
				CLANG_WARN_BOOL_CONVERSION = YES;
				CLANG_WARN_CONSTANT_CONVERSION = YES;
				CLANG_WARN_DIRECT_OBJC_ISA_USAGE = YES_ERROR;
				CLANG_WARN_EMPTY_BODY = YES;
				CLANG_WARN_ENUM_CONVERSION = YES;
				CLANG_WARN_INT_CONVERSION = YES;
				CLANG_WARN_OBJC_ROOT_CLASS = YES_ERROR;
				CLANG_WARN_UNREACHABLE_CODE = YES;
				CLANG_WARN__DUPLICATE_METHOD_MATCH = YES;
				"CODE_SIGN_IDENTITY[sdk=iphoneos*]" = "iPhone Developer";
				COPY_PHASE_STRIP = NO;
				DEBUG_INFORMATION_FORMAT = "dwarf-with-dsym";
				ENABLE_NS_ASSERTIONS = NO;
				ENABLE_STRICT_OBJC_MSGSEND = YES;
				GCC_C_LANGUAGE_STANDARD = gnu99;
				GCC_NO_COMMON_BLOCKS = YES;
				GCC_WARN_64_TO_32_BIT_CONVERSION = YES;
				GCC_WARN_ABOUT_RETURN_TYPE = YES_ERROR;
				GCC_WARN_UNDECLARED_SELECTOR = YES;
				GCC_WARN_UNINITIALIZED_AUTOS = YES_AGGRESSIVE;
				GCC_WARN_UNUSED_FUNCTION = YES;
				GCC_WARN_UNUSED_VARIABLE = YES;
				IPHONEOS_DEPLOYMENT_TARGET = 9.3;
				MTL_ENABLE_DEBUG_INFO = NO;
				SDKROOT = iphoneos;
				TARGETED_DEVICE_FAMILY = "1,2";
				VALIDATE_PRODUCT = YES;
			};
			name = Release;
		};
		3DC731BA1CDB5E770039DDE0 /* Debug */ = {
			isa = XCBuildConfiguration;
			baseConfigurationReference = 9466E0299D4291EDC9EA1CEC /* Pods-Flickretch.debug.xcconfig */;
			buildSettings = {
				ASSETCATALOG_COMPILER_APPICON_NAME = AppIcon;
				CODE_SIGN_IDENTITY = "iPhone Developer";
				"CODE_SIGN_IDENTITY[sdk=iphoneos*]" = "iPhone Developer";
				INFOPLIST_FILE = Flickretch/Info.plist;
				LD_RUNPATH_SEARCH_PATHS = "$(inherited) @executable_path/Frameworks";
				PRODUCT_BUNDLE_IDENTIFIER = migueloliveira.Flickretch;
				PRODUCT_NAME = "$(TARGET_NAME)";
				PROVISIONING_PROFILE = "";
			};
			name = Debug;
		};
		3DC731BB1CDB5E770039DDE0 /* Release */ = {
			isa = XCBuildConfiguration;
			baseConfigurationReference = 406FE4400220C0527BBD9090 /* Pods-Flickretch.release.xcconfig */;
			buildSettings = {
				ASSETCATALOG_COMPILER_APPICON_NAME = AppIcon;
				CODE_SIGN_IDENTITY = "iPhone Developer";
				"CODE_SIGN_IDENTITY[sdk=iphoneos*]" = "iPhone Developer";
				INFOPLIST_FILE = Flickretch/Info.plist;
				LD_RUNPATH_SEARCH_PATHS = "$(inherited) @executable_path/Frameworks";
				PRODUCT_BUNDLE_IDENTIFIER = migueloliveira.Flickretch;
				PRODUCT_NAME = "$(TARGET_NAME)";
				PROVISIONING_PROFILE = "";
			};
			name = Release;
		};
		3DC731BD1CDB5E770039DDE0 /* Debug */ = {
			isa = XCBuildConfiguration;
			buildSettings = {
				BUNDLE_LOADER = "$(TEST_HOST)";
				INFOPLIST_FILE = FlickretchTests/Info.plist;
				LD_RUNPATH_SEARCH_PATHS = "$(inherited) @executable_path/Frameworks @loader_path/Frameworks";
				PRODUCT_BUNDLE_IDENTIFIER = migueloliveira.FlickretchTests;
				PRODUCT_NAME = "$(TARGET_NAME)";
				TEST_HOST = "$(BUILT_PRODUCTS_DIR)/Flickretch.app/Flickretch";
			};
			name = Debug;
		};
		3DC731BE1CDB5E770039DDE0 /* Release */ = {
			isa = XCBuildConfiguration;
			buildSettings = {
				BUNDLE_LOADER = "$(TEST_HOST)";
				INFOPLIST_FILE = FlickretchTests/Info.plist;
				LD_RUNPATH_SEARCH_PATHS = "$(inherited) @executable_path/Frameworks @loader_path/Frameworks";
				PRODUCT_BUNDLE_IDENTIFIER = migueloliveira.FlickretchTests;
				PRODUCT_NAME = "$(TARGET_NAME)";
				TEST_HOST = "$(BUILT_PRODUCTS_DIR)/Flickretch.app/Flickretch";
			};
			name = Release;
		};
		3DC731C01CDB5E770039DDE0 /* Debug */ = {
			isa = XCBuildConfiguration;
			buildSettings = {
				INFOPLIST_FILE = FlickretchUITests/Info.plist;
				LD_RUNPATH_SEARCH_PATHS = "$(inherited) @executable_path/Frameworks @loader_path/Frameworks";
				PRODUCT_BUNDLE_IDENTIFIER = migueloliveira.FlickretchUITests;
				PRODUCT_NAME = "$(TARGET_NAME)";
				TEST_TARGET_NAME = Flickretch;
			};
			name = Debug;
		};
		3DC731C11CDB5E770039DDE0 /* Release */ = {
			isa = XCBuildConfiguration;
			buildSettings = {
				INFOPLIST_FILE = FlickretchUITests/Info.plist;
				LD_RUNPATH_SEARCH_PATHS = "$(inherited) @executable_path/Frameworks @loader_path/Frameworks";
				PRODUCT_BUNDLE_IDENTIFIER = migueloliveira.FlickretchUITests;
				PRODUCT_NAME = "$(TARGET_NAME)";
				TEST_TARGET_NAME = Flickretch;
			};
			name = Release;
		};
/* End XCBuildConfiguration section */

/* Begin XCConfigurationList section */
		3DC731841CDB5E770039DDE0 /* Build configuration list for PBXProject "Flickretch" */ = {
			isa = XCConfigurationList;
			buildConfigurations = (
				3DC731B71CDB5E770039DDE0 /* Debug */,
				3DC731B81CDB5E770039DDE0 /* Release */,
			);
			defaultConfigurationIsVisible = 0;
			defaultConfigurationName = Release;
		};
		3DC731B91CDB5E770039DDE0 /* Build configuration list for PBXNativeTarget "Flickretch" */ = {
			isa = XCConfigurationList;
			buildConfigurations = (
				3DC731BA1CDB5E770039DDE0 /* Debug */,
				3DC731BB1CDB5E770039DDE0 /* Release */,
			);
			defaultConfigurationIsVisible = 0;
			defaultConfigurationName = Release;
		};
		3DC731BC1CDB5E770039DDE0 /* Build configuration list for PBXNativeTarget "FlickretchTests" */ = {
			isa = XCConfigurationList;
			buildConfigurations = (
				3DC731BD1CDB5E770039DDE0 /* Debug */,
				3DC731BE1CDB5E770039DDE0 /* Release */,
			);
			defaultConfigurationIsVisible = 0;
			defaultConfigurationName = Release;
		};
		3DC731BF1CDB5E770039DDE0 /* Build configuration list for PBXNativeTarget "FlickretchUITests" */ = {
			isa = XCConfigurationList;
			buildConfigurations = (
				3DC731C01CDB5E770039DDE0 /* Debug */,
				3DC731C11CDB5E770039DDE0 /* Release */,
			);
			defaultConfigurationIsVisible = 0;
			defaultConfigurationName = Release;
		};
/* End XCConfigurationList section */
	};
	rootObject = 3DC731811CDB5E770039DDE0 /* Project object */;
}
